
Microsoft Visual Studio Solution File, Format Version 12.00
# Visual Studio 2012
Project("{FAE04EC0-301F-11D3-BF4B-00C04F79EFBC}") = "SortingAlgos", "SortingAlgos\SortingAlgos.csproj", "{EDE9048D-CB36-4928-A30D-1880CE2DCC1C}"
EndProject
Global
	GlobalSection(SolutionConfigurationPlatforms) = preSolution
		Debug|Any CPU = Debug|Any CPU
		Release|Any CPU = Release|Any CPU
	EndGlobalSection
	GlobalSection(ProjectConfigurationPlatforms) = postSolution
		{EDE9048D-CB36-4928-A30D-1880CE2DCC1C}.Debug|Any CPU.ActiveCfg = Debug|Any CPU
		{EDE9048D-CB36-4928-A30D-1880CE2DCC1C}.Debug|Any CPU.Build.0 = Debug|Any CPU
		{EDE9048D-CB36-4928-A30D-1880CE2DCC1C}.Release|Any CPU.ActiveCfg = Release|Any CPU
		{EDE9048D-CB36-4928-A30D-1880CE2DCC1C}.Release|Any CPU.Build.0 = Release|Any CPU
	EndGlobalSection
	GlobalSection(SolutionProperties) = preSolution
		HideSolutionNode = FALSE
	EndGlobalSection
EndGlobal
